
Microsoft Visual Studio Solution File, Format Version 12.00
# Visual Studio 15
VisualStudioVersion = 15.0.27703.2042
MinimumVisualStudioVersion = 10.0.40219.1
Project("{FAE04EC0-301F-11D3-BF4B-00C04F79EFBC}") = "Kanban", "Kanban\Kanban.csproj", "{989AA4B9-81C5-40EB-90B9-0D8BA56F673F}"
EndProject
Project("{FAE04EC0-301F-11D3-BF4B-00C04F79EFBC}") = "DatabaseEF", "DatabaseEF\DatabaseEF.csproj", "{5435EF79-AA3F-4C82-A527-A9302DFDBA38}"
EndProject
Global
	GlobalSection(SolutionConfigurationPlatforms) = preSolution
		Debug|Any CPU = Debug|Any CPU
		Release|Any CPU = Release|Any CPU
	EndGlobalSection
	GlobalSection(ProjectConfigurationPlatforms) = postSolution
		{989AA4B9-81C5-40EB-90B9-0D8BA56F673F}.Debug|Any CPU.ActiveCfg = Debug|Any CPU
		{989AA4B9-81C5-40EB-90B9-0D8BA56F673F}.Debug|Any CPU.Build.0 = Debug|Any CPU
		{989AA4B9-81C5-40EB-90B9-0D8BA56F673F}.Release|Any CPU.ActiveCfg = Release|Any CPU
		{989AA4B9-81C5-40EB-90B9-0D8BA56F673F}.Release|Any CPU.Build.0 = Release|Any CPU
		{5435EF79-AA3F-4C82-A527-A9302DFDBA38}.Debug|Any CPU.ActiveCfg = Debug|Any CPU
		{5435EF79-AA3F-4C82-A527-A9302DFDBA38}.Debug|Any CPU.Build.0 = Debug|Any CPU
		{5435EF79-AA3F-4C82-A527-A9302DFDBA38}.Release|Any CPU.ActiveCfg = Release|Any CPU
		{5435EF79-AA3F-4C82-A527-A9302DFDBA38}.Release|Any CPU.Build.0 = Release|Any CPU
	EndGlobalSection
	GlobalSection(SolutionProperties) = preSolution
		HideSolutionNode = FALSE
	EndGlobalSection
	GlobalSection(ExtensibilityGlobals) = postSolution
		SolutionGuid = {3258A94A-222E-4A41-99C1-26204E64C390}
	EndGlobalSection
EndGlobal
